
Microsoft Visual Studio Solution File, Format Version 12.00
# Visual Studio Version 17
VisualStudioVersion = 17.0.31903.59
MinimumVisualStudioVersion = 10.0.40219.1
Project("{FAE04EC0-301F-11D3-BF4B-00C04F79EFBC}") = "API", "API\API.csproj", "{98DEA2D3-B397-4181-A482-090E350CCF4E}"
EndProject
Project("{FAE04EC0-301F-11D3-BF4B-00C04F79EFBC}") = "Application", "Application\Application.csproj", "{F72320DC-1A9D-41B6-A599-0043B2E09599}"
EndProject
Project("{FAE04EC0-301F-11D3-BF4B-00C04F79EFBC}") = "Domain", "Domain\Domain.csproj", "{1C78F7C9-3A9E-43E6-BC85-B92AA5B49337}"
EndProject
Project("{FAE04EC0-301F-11D3-BF4B-00C04F79EFBC}") = "Persistence", "Persistence\Persistence.csproj", "{BE4C0770-AA95-4E72-B12B-E12B02A38AAB}"
EndProject
Project("{FAE04EC0-301F-11D3-BF4B-00C04F79EFBC}") = "Infrastructure", "Infrastructure\Infrastructure.csproj", "{43E77118-C945-4FA6-86DB-105A189768C7}"
EndProject
Global
	GlobalSection(SolutionConfigurationPlatforms) = preSolution
		Debug|Any CPU = Debug|Any CPU
		Release|Any CPU = Release|Any CPU
	EndGlobalSection
	GlobalSection(SolutionProperties) = preSolution
		HideSolutionNode = FALSE
	EndGlobalSection
	GlobalSection(ProjectConfigurationPlatforms) = postSolution
		{98DEA2D3-B397-4181-A482-090E350CCF4E}.Debug|Any CPU.ActiveCfg = Debug|Any CPU
		{98DEA2D3-B397-4181-A482-090E350CCF4E}.Debug|Any CPU.Build.0 = Debug|Any CPU
		{98DEA2D3-B397-4181-A482-090E350CCF4E}.Release|Any CPU.ActiveCfg = Release|Any CPU
		{98DEA2D3-B397-4181-A482-090E350CCF4E}.Release|Any CPU.Build.0 = Release|Any CPU
		{F72320DC-1A9D-41B6-A599-0043B2E09599}.Debug|Any CPU.ActiveCfg = Debug|Any CPU
		{F72320DC-1A9D-41B6-A599-0043B2E09599}.Debug|Any CPU.Build.0 = Debug|Any CPU
		{F72320DC-1A9D-41B6-A599-0043B2E09599}.Release|Any CPU.ActiveCfg = Release|Any CPU
		{F72320DC-1A9D-41B6-A599-0043B2E09599}.Release|Any CPU.Build.0 = Release|Any CPU
		{1C78F7C9-3A9E-43E6-BC85-B92AA5B49337}.Debug|Any CPU.ActiveCfg = Debug|Any CPU
		{1C78F7C9-3A9E-43E6-BC85-B92AA5B49337}.Debug|Any CPU.Build.0 = Debug|Any CPU
		{1C78F7C9-3A9E-43E6-BC85-B92AA5B49337}.Release|Any CPU.ActiveCfg = Release|Any CPU
		{1C78F7C9-3A9E-43E6-BC85-B92AA5B49337}.Release|Any CPU.Build.0 = Release|Any CPU
		{BE4C0770-AA95-4E72-B12B-E12B02A38AAB}.Debug|Any CPU.ActiveCfg = Debug|Any CPU
		{BE4C0770-AA95-4E72-B12B-E12B02A38AAB}.Debug|Any CPU.Build.0 = Debug|Any CPU
		{BE4C0770-AA95-4E72-B12B-E12B02A38AAB}.Release|Any CPU.ActiveCfg = Release|Any CPU
		{BE4C0770-AA95-4E72-B12B-E12B02A38AAB}.Release|Any CPU.Build.0 = Release|Any CPU
		{43E77118-C945-4FA6-86DB-105A189768C7}.Debug|Any CPU.ActiveCfg = Debug|Any CPU
		{43E77118-C945-4FA6-86DB-105A189768C7}.Debug|Any CPU.Build.0 = Debug|Any CPU
		{43E77118-C945-4FA6-86DB-105A189768C7}.Release|Any CPU.ActiveCfg = Release|Any CPU
		{43E77118-C945-4FA6-86DB-105A189768C7}.Release|Any CPU.Build.0 = Release|Any CPU
	EndGlobalSection
EndGlobal
